{
  "name": "unsui-dev-ledger",
  "version": "0.1.0",
  "lockfileVersion": 3,
  "requires": true,
  "packages": {
    "": {
      "name": "unsui-dev-ledger",
      "version": "0.1.0",
      "dependencies": {
        "@worldcoin/idkit-core": "4.3.0",
        "qrcode-generator": "2.0.4"
      },
      "engines": {
        "node": ">=22.11.0"
      }
    },
    "node_modules/@noble/hashes": {
      "version": "1.8.0",
      "resolved": "https://registry.npmjs.org/@noble/hashes/-/hashes-1.8.0.tgz",
      "integrity": "sha512-jCs9ldd7NwzpgXDIf6P3+NrHh9/sD6CQdxHyjQI+h/6rDNo88ypBxxz45UDuZHz9r3tNz7N/VInSVoVdtXEI4A==",
      "license": "MIT",
      "engines": {
        "node": "^14.21.3 || >=16"
      },
      "funding": {
        "url": "https://paulmillr.com/funding/"
      }
    },
    "node_modules/@noble/secp256k1": {
      "version": "2.3.0",
      "resolved": "https://registry.npmjs.org/@noble/secp256k1/-/secp256k1-2.3.0.tgz",
      "integrity": "sha512-0TQed2gcBbIrh7Ccyw+y/uZQvbJwm7Ao4scBUxqpBCcsOlZG0O4KGfjtNAy/li4W8n1xt3dxrwJ0beZ2h2G6Kw==",
      "license": "MIT",
      "funding": {
        "url": "https://paulmillr.com/funding/"
      }
    },
    "node_modules/@worldcoin/idkit-core": {
      "version": "4.3.0",
      "resolved": "https://registry.npmjs.org/@worldcoin/idkit-core/-/idkit-core-4.3.0.tgz",
      "integrity": "sha512-ZEcVhq1TLh7yUb/mkhhMqwKEQRN+ehVC1SQBx24K/5ILv4WuBP29OgleM29Glk/T+gAzeVfgjIh5kWPM28qwsA==",
      "license": "MIT",
      "dependencies": {
        "@noble/hashes": "^1.7.2",
        "@worldcoin/idkit-server": "1.1.1"
      }
    },
    "node_modules/@worldcoin/idkit-server": {
      "version": "1.1.1",
      "resolved": "https://registry.npmjs.org/@worldcoin/idkit-server/-/idkit-server-1.1.1.tgz",
      "integrity": "sha512-iO4Kd3QBLzJak3BPz5eIzRjW0kT8Px5c3LbNzvCKMnczLvVSKoWqdvGiJlkK8Dp29KstNI62iv4ak0z8nzui/Q==",
      "license": "MIT",
      "dependencies": {
        "@noble/hashes": "^1.7.2",
        "@noble/secp256k1": "^2.2.3"
      },
      "engines": {
        "node": ">=18"
      }
    },
    "node_modules/qrcode-generator": {
      "version": "2.0.4",
      "resolved": "https://registry.npmjs.org/qrcode-generator/-/qrcode-generator-2.0.4.tgz",
      "integrity": "sha512-mZSiP6RnbHl4xL2Ap5HfkjLnmxfKcPWpWe/c+5XxCuetEenqmNFf1FH/ftXPCtFG5/TDobjsjz6sSNL0Sr8Z9g==",
      "license": "MIT"
    }
  }
}
